
Microsoft Visual Studio Solution File, Format Version 12.00
# Visual Studio Version 17
VisualStudioVersion = 17.0.31903.59
MinimumVisualStudioVersion = 10.0.40219.1
Project("{2150E333-8FDC-42A3-9474-1A3956D46DE8}") = "src", "src", "{68F6CE96-7888-4524-8059-813FAAB3BF63}"
EndProject
Project("{FAE04EC0-301F-11D3-BF4B-00C04F79EFBC}") = "TraderCockpit.Infrastructure", "src\TraderCockpit.Infrastructure\TraderCockpit.Infrastructure.csproj", "{26CF5A46-BA69-40A8-AB8F-36332016258E}"
EndProject
Project("{FAE04EC0-301F-11D3-BF4B-00C04F79EFBC}") = "TraderCockpit.Api", "src\TraderCockpit.Api\TraderCockpit.Api.csproj", "{B024CF08-5920-4F46-9420-CD99EF2D9122}"
EndProject
Project("{FAE04EC0-301F-11D3-BF4B-00C04F79EFBC}") = "TraderCockpit.MarketData", "src\TraderCockpit.MarketData\TraderCockpit.MarketData.csproj", "{C3D4E5F6-A7B8-9012-CDEF-123456789ABC}"
EndProject
Global
	GlobalSection(SolutionConfigurationPlatforms) = preSolution
		Debug|Any CPU = Debug|Any CPU
		Release|Any CPU = Release|Any CPU
	EndGlobalSection
	GlobalSection(SolutionProperties) = preSolution
		HideSolutionNode = FALSE
	EndGlobalSection
	GlobalSection(ProjectConfigurationPlatforms) = postSolution
		{26CF5A46-BA69-40A8-AB8F-36332016258E}.Debug|Any CPU.ActiveCfg = Debug|Any CPU
		{26CF5A46-BA69-40A8-AB8F-36332016258E}.Debug|Any CPU.Build.0 = Debug|Any CPU
		{26CF5A46-BA69-40A8-AB8F-36332016258E}.Release|Any CPU.ActiveCfg = Release|Any CPU
		{26CF5A46-BA69-40A8-AB8F-36332016258E}.Release|Any CPU.Build.0 = Release|Any CPU
		{B024CF08-5920-4F46-9420-CD99EF2D9122}.Debug|Any CPU.ActiveCfg = Debug|Any CPU
		{B024CF08-5920-4F46-9420-CD99EF2D9122}.Debug|Any CPU.Build.0 = Debug|Any CPU
		{B024CF08-5920-4F46-9420-CD99EF2D9122}.Release|Any CPU.ActiveCfg = Release|Any CPU
		{B024CF08-5920-4F46-9420-CD99EF2D9122}.Release|Any CPU.Build.0 = Release|Any CPU
		{C3D4E5F6-A7B8-9012-CDEF-123456789ABC}.Debug|Any CPU.ActiveCfg = Debug|Any CPU
		{C3D4E5F6-A7B8-9012-CDEF-123456789ABC}.Debug|Any CPU.Build.0 = Debug|Any CPU
		{C3D4E5F6-A7B8-9012-CDEF-123456789ABC}.Release|Any CPU.ActiveCfg = Release|Any CPU
		{C3D4E5F6-A7B8-9012-CDEF-123456789ABC}.Release|Any CPU.Build.0 = Release|Any CPU
	EndGlobalSection
	GlobalSection(NestedProjects) = preSolution
		{26CF5A46-BA69-40A8-AB8F-36332016258E} = {68F6CE96-7888-4524-8059-813FAAB3BF63}
		{B024CF08-5920-4F46-9420-CD99EF2D9122} = {68F6CE96-7888-4524-8059-813FAAB3BF63}
		{C3D4E5F6-A7B8-9012-CDEF-123456789ABC} = {68F6CE96-7888-4524-8059-813FAAB3BF63}
	EndGlobalSection
EndGlobal
